
Microsoft Visual Studio Solution File, Format Version 12.00
# Visual Studio Version 17
VisualStudioVersion = 17.10.35122.118
MinimumVisualStudioVersion = 10.0.40219.1
Project("{FAE04EC0-301F-11D3-BF4B-00C04F79EFBC}") = "SimpleNotifaction.WinForm", "SimpleNotifaction.WinForm\SimpleNotifaction.WinForm.csproj", "{2C52088D-B13B-4D46-BFC1-3B6A8392EF45}"
EndProject
Project("{FAE04EC0-301F-11D3-BF4B-00C04F79EFBC}") = "SimpleNotifaction.WPF", "SimpleNotifaction.WPF\SimpleNotifaction.WPF.csproj", "{D6686EC8-1F1E-431D-B4A9-FA266EFF4894}"
EndProject
Project("{FAE04EC0-301F-11D3-BF4B-00C04F79EFBC}") = "TestWPF", "TestWPF\TestWPF.csproj", "{E0B572C9-C1C9-47D8-BA7C-F15E5328B5DE}"
EndProject
Project("{FAE04EC0-301F-11D3-BF4B-00C04F79EFBC}") = "TestWinForms", "TestWinForms\TestWinForms.csproj", "{DB41DF07-2B15-4170-9609-47BE3714B828}"
EndProject
Global
	GlobalSection(SolutionConfigurationPlatforms) = preSolution
		Debug|Any CPU = Debug|Any CPU
		Release|Any CPU = Release|Any CPU
	EndGlobalSection
	GlobalSection(ProjectConfigurationPlatforms) = postSolution
		{2C52088D-B13B-4D46-BFC1-3B6A8392EF45}.Debug|Any CPU.ActiveCfg = Debug|Any CPU
		{2C52088D-B13B-4D46-BFC1-3B6A8392EF45}.Debug|Any CPU.Build.0 = Debug|Any CPU
		{2C52088D-B13B-4D46-BFC1-3B6A8392EF45}.Release|Any CPU.ActiveCfg = Release|Any CPU
		{2C52088D-B13B-4D46-BFC1-3B6A8392EF45}.Release|Any CPU.Build.0 = Release|Any CPU
		{D6686EC8-1F1E-431D-B4A9-FA266EFF4894}.Debug|Any CPU.ActiveCfg = Debug|Any CPU
		{D6686EC8-1F1E-431D-B4A9-FA266EFF4894}.Debug|Any CPU.Build.0 = Debug|Any CPU
		{D6686EC8-1F1E-431D-B4A9-FA266EFF4894}.Release|Any CPU.ActiveCfg = Release|Any CPU
		{D6686EC8-1F1E-431D-B4A9-FA266EFF4894}.Release|Any CPU.Build.0 = Release|Any CPU
		{E0B572C9-C1C9-47D8-BA7C-F15E5328B5DE}.Debug|Any CPU.ActiveCfg = Debug|Any CPU
		{E0B572C9-C1C9-47D8-BA7C-F15E5328B5DE}.Debug|Any CPU.Build.0 = Debug|Any CPU
		{E0B572C9-C1C9-47D8-BA7C-F15E5328B5DE}.Release|Any CPU.ActiveCfg = Release|Any CPU
		{E0B572C9-C1C9-47D8-BA7C-F15E5328B5DE}.Release|Any CPU.Build.0 = Release|Any CPU
		{DB41DF07-2B15-4170-9609-47BE3714B828}.Debug|Any CPU.ActiveCfg = Debug|Any CPU
		{DB41DF07-2B15-4170-9609-47BE3714B828}.Debug|Any CPU.Build.0 = Debug|Any CPU
		{DB41DF07-2B15-4170-9609-47BE3714B828}.Release|Any CPU.ActiveCfg = Release|Any CPU
		{DB41DF07-2B15-4170-9609-47BE3714B828}.Release|Any CPU.Build.0 = Release|Any CPU
	EndGlobalSection
	GlobalSection(SolutionProperties) = preSolution
		HideSolutionNode = FALSE
	EndGlobalSection
	GlobalSection(ExtensibilityGlobals) = postSolution
		SolutionGuid = {AE4F36BC-2C43-4FE8-A245-1F1151A27FE0}
	EndGlobalSection
EndGlobal
